
Microsoft Visual Studio Solution File, Format Version 12.00
# Visual Studio 2012
Project("{FAE04EC0-301F-11D3-BF4B-00C04F79EFBC}") = "QuanLyCuaHangBanXe", "QuanLyCuaHangBanXe\QuanLyCuaHangBanXe.csproj", "{6BC360F8-7A95-4C03-99B2-46FB1B87BE3E}"
EndProject
Project("{FAE04EC0-301F-11D3-BF4B-00C04F79EFBC}") = "DataProvider", "DataProvider\DataProvider.csproj", "{5F33E14A-43CE-4703-ADE8-50C338E20254}"
EndProject
Project("{FAE04EC0-301F-11D3-BF4B-00C04F79EFBC}") = "DataContext", "DataContext\DataContext.csproj", "{FB481D2B-2227-41BC-9BBF-7DD008B32CD4}"
EndProject
Global
	GlobalSection(SolutionConfigurationPlatforms) = preSolution
		Debug|Any CPU = Debug|Any CPU
		Release|Any CPU = Release|Any CPU
	EndGlobalSection
	GlobalSection(ProjectConfigurationPlatforms) = postSolution
		{6BC360F8-7A95-4C03-99B2-46FB1B87BE3E}.Debug|Any CPU.ActiveCfg = Debug|Any CPU
		{6BC360F8-7A95-4C03-99B2-46FB1B87BE3E}.Debug|Any CPU.Build.0 = Debug|Any CPU
		{6BC360F8-7A95-4C03-99B2-46FB1B87BE3E}.Release|Any CPU.ActiveCfg = Release|Any CPU
		{6BC360F8-7A95-4C03-99B2-46FB1B87BE3E}.Release|Any CPU.Build.0 = Release|Any CPU
		{5F33E14A-43CE-4703-ADE8-50C338E20254}.Debug|Any CPU.ActiveCfg = Debug|Any CPU
		{5F33E14A-43CE-4703-ADE8-50C338E20254}.Debug|Any CPU.Build.0 = Debug|Any CPU
		{5F33E14A-43CE-4703-ADE8-50C338E20254}.Release|Any CPU.ActiveCfg = Release|Any CPU
		{5F33E14A-43CE-4703-ADE8-50C338E20254}.Release|Any CPU.Build.0 = Release|Any CPU
		{FB481D2B-2227-41BC-9BBF-7DD008B32CD4}.Debug|Any CPU.ActiveCfg = Debug|Any CPU
		{FB481D2B-2227-41BC-9BBF-7DD008B32CD4}.Debug|Any CPU.Build.0 = Debug|Any CPU
		{FB481D2B-2227-41BC-9BBF-7DD008B32CD4}.Release|Any CPU.ActiveCfg = Release|Any CPU
		{FB481D2B-2227-41BC-9BBF-7DD008B32CD4}.Release|Any CPU.Build.0 = Release|Any CPU
	EndGlobalSection
	GlobalSection(SolutionProperties) = preSolution
		HideSolutionNode = FALSE
	EndGlobalSection
EndGlobal
